// !$*UTF8*$!
{
	archiveVersion = 1;
	classes = {
	};
	objectVersion = 77;
	objects = {

/* Begin PBXBuildFile section */
		D31DFCF62EA62A0600CFC8B1 /* blistAppIcon.icon in Resources */ = {isa = PBXBuildFile; fileRef = D31DFCF52EA62A0600CFC8B1 /* blistAppIcon.icon */; };
/* End PBXBuildFile section */

/* Begin PBXContainerItemProxy section */
		D384534B2E510ABC00BECEA3 /* PBXContainerItemProxy */ = {
			isa = PBXContainerItemProxy;
			containerPortal = D38453352E510ABB00BECEA3 /* Project object */;
			proxyType = 1;
			remoteGlobalIDString = D384533C2E510ABB00BECEA3;
			remoteInfo = blist;
		};
		D38453552E510ABC00BECEA3 /* PBXContainerItemProxy */ = {
			isa = PBXContainerItemProxy;
			containerPortal = D38453352E510ABB00BECEA3 /* Project object */;
			proxyType = 1;
			remoteGlobalIDString = D384533C2E510ABB00BECEA3;
			remoteInfo = blist;
		};
/* End PBXContainerItemProxy section */

/* Begin PBXFileReference section */
		D31DFCF52EA62A0600CFC8B1 /* blistAppIcon.icon */ = {isa = PBXFileReference; lastKnownFileType = folder.iconcomposer.icon; path = blistAppIcon.icon; sourceTree = "<group>"; };
		D384533D2E510ABB00BECEA3 /* blist.app */ = {isa = PBXFileReference; explicitFileType = wrapper.application; includeInIndex = 0; path = blist.app; sourceTree = BUILT_PRODUCTS_DIR; };
		D384534A2E510ABC00BECEA3 /* blistTests.xctest */ = {isa = PBXFileReference; explicitFileType = wrapper.cfbundle; includeInIndex = 0; path = blistTests.xctest; sourceTree = BUILT_PRODUCTS_DIR; };
		D38453542E510ABC00BECEA3 /* blistUITests.xctest */ = {isa = PBXFileReference; explicitFileType = wrapper.cfbundle; includeInIndex = 0; path = blistUITests.xctest; sourceTree = BUILT_PRODUCTS_DIR; };
/* End PBXFileReference section */

/* Begin PBXFileSystemSynchronizedRootGroup section */
		D384533F2E510ABB00BECEA3 /* blist */ = {
			isa = PBXFileSystemSynchronizedRootGroup;
			path = blist;
			sourceTree = "<group>";
		};
		D384534D2E510ABC00BECEA3 /* blistTests */ = {
			isa = PBXFileSystemSynchronizedRootGroup;
			path = blistTests;
			sourceTree = "<group>";
		};
		D38453572E510ABC00BECEA3 /* blistUITests */ = {
			isa = PBXFileSystemSynchronizedRootGroup;
			path = blistUITests;
			sourceTree = "<group>";
		};
/* End PBXFileSystemSynchronizedRootGroup section */

/* Begin PBXFrameworksBuildPhase section */
		D384533A2E510ABB00BECEA3 /* Frameworks */ = {
			isa = PBXFrameworksBuildPhase;
			buildActionMask = 2147483647;
			files = (
			);
			runOnlyForDeploymentPostprocessing = 0;
		};
		D38453472E510ABC00BECEA3 /* Frameworks */ = {
			isa = PBXFrameworksBuildPhase;
			buildActionMask = 2147483647;
			files = (
			);
			runOnlyForDeploymentPostprocessing = 0;
		};
		D38453512E510ABC00BECEA3 /* Frameworks */ = {
			isa = PBXFrameworksBuildPhase;
			buildActionMask = 2147483647;
			files = (
			);
			runOnlyForDeploymentPostprocessing = 0;
		};
/* End PBXFrameworksBuildPhase section */

/* Begin PBXGroup section */
		D38453342E510ABB00BECEA3 = {
			isa = PBXGroup;
			children = (
				D31DFCF52EA62A0600CFC8B1 /* blistAppIcon.icon */,
				D384533F2E510ABB00BECEA3 /* blist */,
				D384534D2E510ABC00BECEA3 /* blistTests */,
				D38453572E510ABC00BECEA3 /* blistUITests */,
				D384533E2E510ABB00BECEA3 /* Products */,
			);
			sourceTree = "<group>";
		};
		D384533E2E510ABB00BECEA3 /* Products */ = {
			isa = PBXGroup;
			children = (
				D384533D2E510ABB00BECEA3 /* blist.app */,
				D384534A2E510ABC00BECEA3 /* blistTests.xctest */,
				D38453542E510ABC00BECEA3 /* blistUITests.xctest */,
			);
			name = Products;
			sourceTree = "<group>";
		};
/* End PBXGroup section */

/* Begin PBXNativeTarget section */
		D384533C2E510ABB00BECEA3 /* blist */ = {
			isa = PBXNativeTarget;
			buildConfigurationList = D384535E2E510ABC00BECEA3 /* Build configuration list for PBXNativeTarget "blist" */;
			buildPhases = (
				D38453392E510ABB00BECEA3 /* Sources */,
				D384533A2E510ABB00BECEA3 /* Frameworks */,
				D384533B2E510ABB00BECEA3 /* Resources */,
			);
			buildRules = (
			);
			dependencies = (
			);
			fileSystemSynchronizedGroups = (
				D384533F2E510ABB00BECEA3 /* blist */,
			);
			name = blist;
			packageProductDependencies = (
			);
			productName = blist;
			productReference = D384533D2E510ABB00BECEA3 /* blist.app */;
			productType = "com.apple.product-type.application";
		};
		D38453492E510ABC00BECEA3 /* blistTests */ = {
			isa = PBXNativeTarget;
			buildConfigurationList = D38453612E510ABC00BECEA3 /* Build configuration list for PBXNativeTarget "blistTests" */;
			buildPhases = (
				D38453462E510ABC00BECEA3 /* Sources */,
				D38453472E510ABC00BECEA3 /* Frameworks */,
				D38453482E510ABC00BECEA3 /* Resources */,
			);
			buildRules = (
			);
			dependencies = (
				D384534C2E510ABC00BECEA3 /* PBXTargetDependency */,
			);
			fileSystemSynchronizedGroups = (
				D384534D2E510ABC00BECEA3 /* blistTests */,
			);
			name = blistTests;
			packageProductDependencies = (
			);
			productName = blistTests;
			productReference = D384534A2E510ABC00BECEA3 /* blistTests.xctest */;
			productType = "com.apple.product-type.bundle.unit-test";
		};
		D38453532E510ABC00BECEA3 /* blistUITests */ = {
			isa = PBXNativeTarget;
			buildConfigurationList = D38453642E510ABC00BECEA3 /* Build configuration list for PBXNativeTarget "blistUITests" */;
			buildPhases = (
				D38453502E510ABC00BECEA3 /* Sources */,
				D38453512E510ABC00BECEA3 /* Frameworks */,
				D38453522E510ABC00BECEA3 /* Resources */,
			);
			buildRules = (
			);
			dependencies = (
				D38453562E510ABC00BECEA3 /* PBXTargetDependency */,
			);
			fileSystemSynchronizedGroups = (
				D38453572E510ABC00BECEA3 /* blistUITests */,
			);
			name = blistUITests;
			packageProductDependencies = (
			);
			productName = blistUITests;
			productReference = D38453542E510ABC00BECEA3 /* blistUITests.xctest */;
			productType = "com.apple.product-type.bundle.ui-testing";
		};
/* End PBXNativeTarget section */

/* Begin PBXProject section */
		D38453352E510ABB00BECEA3 /* Project object */ = {
			isa = PBXProject;
			attributes = {
				BuildIndependentTargetsInParallel = 1;
				LastSwiftUpdateCheck = 1640;
				LastUpgradeCheck = 1640;
				TargetAttributes = {
					D384533C2E510ABB00BECEA3 = {
						CreatedOnToolsVersion = 16.4;
					};
					D38453492E510ABC00BECEA3 = {
						CreatedOnToolsVersion = 16.4;
						TestTargetID = D384533C2E510ABB00BECEA3;
					};
					D38453532E510ABC00BECEA3 = {
						CreatedOnToolsVersion = 16.4;
						TestTargetID = D384533C2E510ABB00BECEA3;
					};
				};
			};
			buildConfigurationList = D38453382E510ABB00BECEA3 /* Build configuration list for PBXProject "blist" */;
			developmentRegion = en;
			hasScannedForEncodings = 0;
			knownRegions = (
				en,
				Base,
			);
			mainGroup = D38453342E510ABB00BECEA3;
			minimizedProjectReferenceProxies = 1;
			preferredProjectObjectVersion = 77;
			productRefGroup = D384533E2E510ABB00BECEA3 /* Products */;
			projectDirPath = "";
			projectRoot = "";
			targets = (
				D384533C2E510ABB00BECEA3 /* blist */,
				D38453492E510ABC00BECEA3 /* blistTests */,
				D38453532E510ABC00BECEA3 /* blistUITests */,
			);
		};
/* End PBXProject section */

/* Begin PBXResourcesBuildPhase section */
		D384533B2E510ABB00BECEA3 /* Resources */ = {
			isa = PBXResourcesBuildPhase;
			buildActionMask = 2147483647;
			files = (
				D31DFCF62EA62A0600CFC8B1 /* blistAppIcon.icon in Resources */,
			);
			runOnlyForDeploymentPostprocessing = 0;
		};
		D38453482E510ABC00BECEA3 /* Resources */ = {
			isa = PBXResourcesBuildPhase;
			buildActionMask = 2147483647;
			files = (
			);
			runOnlyForDeploymentPostprocessing = 0;
		};
		D38453522E510ABC00BECEA3 /* Resources */ = {
			isa = PBXResourcesBuildPhase;
			buildActionMask = 2147483647;
			files = (
			);
			runOnlyForDeploymentPostprocessing = 0;
		};
/* End PBXResourcesBuildPhase section */

/* Begin PBXSourcesBuildPhase section */
		D38453392E510ABB00BECEA3 /* Sources */ = {
			isa = PBXSourcesBuildPhase;
			buildActionMask = 2147483647;
			files = (
			);
			runOnlyForDeploymentPostprocessing = 0;
		};
		D38453462E510ABC00BECEA3 /* Sources */ = {
			isa = PBXSourcesBuildPhase;
			buildActionMask = 2147483647;
			files = (
			);
			runOnlyForDeploymentPostprocessing = 0;
		};
		D38453502E510ABC00BECEA3 /* Sources */ = {
			isa = PBXSourcesBuildPhase;
			buildActionMask = 2147483647;
			files = (
			);
			runOnlyForDeploymentPostprocessing = 0;
		};
/* End PBXSourcesBuildPhase section */

/* Begin PBXTargetDependency section */
		D384534C2E510ABC00BECEA3 /* PBXTargetDependency */ = {
			isa = PBXTargetDependency;
			target = D384533C2E510ABB00BECEA3 /* blist */;
			targetProxy = D384534B2E510ABC00BECEA3 /* PBXContainerItemProxy */;
		};
		D38453562E510ABC00BECEA3 /* PBXTargetDependency */ = {
			isa = PBXTargetDependency;
			target = D384533C2E510ABB00BECEA3 /* blist */;
			targetProxy = D38453552E510ABC00BECEA3 /* PBXContainerItemProxy */;
		};
/* End PBXTargetDependency section */

/* Begin XCBuildConfiguration section */
		D384535C2E510ABC00BECEA3 /* Debug */ = {
			isa = XCBuildConfiguration;
			buildSettings = {
				ALWAYS_SEARCH_USER_PATHS = NO;
				ASSETCATALOG_COMPILER_GENERATE_SWIFT_ASSET_SYMBOL_EXTENSIONS = YES;
				CLANG_ANALYZER_NONNULL = YES;
				CLANG_ANALYZER_NUMBER_OBJECT_CONVERSION = YES_AGGRESSIVE;
				CLANG_CXX_LANGUAGE_STANDARD = "gnu++20";
				CLANG_ENABLE_MODULES = YES;
				CLANG_ENABLE_OBJC_ARC = YES;
				CLANG_ENABLE_OBJC_WEAK = YES;
				CLANG_WARN_BLOCK_CAPTURE_AUTORELEASING = YES;
				CLANG_WARN_BOOL_CONVERSION = YES;
				CLANG_WARN_COMMA = YES;
				CLANG_WARN_CONSTANT_CONVERSION = YES;
				CLANG_WARN_DEPRECATED_OBJC_IMPLEMENTATIONS = YES;
				CLANG_WARN_DIRECT_OBJC_ISA_USAGE = YES_ERROR;
				CLANG_WARN_DOCUMENTATION_COMMENTS = YES;
				CLANG_WARN_EMPTY_BODY = YES;
				CLANG_WARN_ENUM_CONVERSION = YES;
				CLANG_WARN_INFINITE_RECURSION = YES;
				CLANG_WARN_INT_CONVERSION = YES;
				CLANG_WARN_NON_LITERAL_NULL_CONVERSION = YES;
				CLANG_WARN_OBJC_IMPLICIT_RETAIN_SELF = YES;
				CLANG_WARN_OBJC_LITERAL_CONVERSION = YES;
				CLANG_WARN_OBJC_ROOT_CLASS = YES_ERROR;
				CLANG_WARN_QUOTED_INCLUDE_IN_FRAMEWORK_HEADER = YES;
				CLANG_WARN_RANGE_LOOP_ANALYSIS = YES;
				CLANG_WARN_STRICT_PROTOTYPES = YES;
				CLANG_WARN_SUSPICIOUS_MOVE = YES;
				CLANG_WARN_UNGUARDED_AVAILABILITY = YES_AGGRESSIVE;
				CLANG_WARN_UNREACHABLE_CODE = YES;
				CLANG_WARN__DUPLICATE_METHOD_MATCH = YES;
				COPY_PHASE_STRIP = NO;
				DEBUG_INFORMATION_FORMAT = dwarf;
				DEVELOPMENT_TEAM = 27C878UH3T;
				ENABLE_STRICT_OBJC_MSGSEND = YES;
				ENABLE_TESTABILITY = YES;
				ENABLE_USER_SCRIPT_SANDBOXING = YES;
				GCC_C_LANGUAGE_STANDARD = gnu17;
				GCC_DYNAMIC_NO_PIC = NO;
				GCC_NO_COMMON_BLOCKS = YES;
				GCC_OPTIMIZATION_LEVEL = 0;
				GCC_PREPROCESSOR_DEFINITIONS = (
					"DEBUG=1",
					"$(inherited)",
				);
				GCC_WARN_64_TO_32_BIT_CONVERSION = YES;
				GCC_WARN_ABOUT_RETURN_TYPE = YES_ERROR;
				GCC_WARN_UNDECLARED_SELECTOR = YES;
				GCC_WARN_UNINITIALIZED_AUTOS = YES_AGGRESSIVE;
				GCC_WARN_UNUSED_FUNCTION = YES;
				GCC_WARN_UNUSED_VARIABLE = YES;
				IPHONEOS_DEPLOYMENT_TARGET = 18.5;
				LOCALIZATION_PREFERS_STRING_CATALOGS = YES;
				MTL_ENABLE_DEBUG_INFO = INCLUDE_SOURCE;
				MTL_FAST_MATH = YES;
				ONLY_ACTIVE_ARCH = YES;
				SDKROOT = iphoneos;
				SWIFT_ACTIVE_COMPILATION_CONDITIONS = "DEBUG $(inherited)";
				SWIFT_OPTIMIZATION_LEVEL = "-Onone";
			};
			name = Debug;
		};
		D384535D2E510ABC00BECEA3 /* Release */ = {
			isa = XCBuildConfiguration;
			buildSettings = {
				ALWAYS_SEARCH_USER_PATHS = NO;
				ASSETCATALOG_COMPILER_GENERATE_SWIFT_ASSET_SYMBOL_EXTENSIONS = YES;
				CLANG_ANALYZER_NONNULL = YES;
				CLANG_ANALYZER_NUMBER_OBJECT_CONVERSION = YES_AGGRESSIVE;
				CLANG_CXX_LANGUAGE_STANDARD = "gnu++20";
				CLANG_ENABLE_MODULES = YES;
				CLANG_ENABLE_OBJC_ARC = YES;
				CLANG_ENABLE_OBJC_WEAK = YES;
				CLANG_WARN_BLOCK_CAPTURE_AUTORELEASING = YES;
				CLANG_WARN_BOOL_CONVERSION = YES;
				CLANG_WARN_COMMA = YES;
				CLANG_WARN_CONSTANT_CONVERSION = YES;
				CLANG_WARN_DEPRECATED_OBJC_IMPLEMENTATIONS = YES;
				CLANG_WARN_DIRECT_OBJC_ISA_USAGE = YES_ERROR;
				CLANG_WARN_DOCUMENTATION_COMMENTS = YES;
				CLANG_WARN_EMPTY_BODY = YES;
				CLANG_WARN_ENUM_CONVERSION = YES;
				CLANG_WARN_INFINITE_RECURSION = YES;
				CLANG_WARN_INT_CONVERSION = YES;
				CLANG_WARN_NON_LITERAL_NULL_CONVERSION = YES;
				CLANG_WARN_OBJC_IMPLICIT_RETAIN_SELF = YES;
				CLANG_WARN_OBJC_LITERAL_CONVERSION = YES;
				CLANG_WARN_OBJC_ROOT_CLASS = YES_ERROR;
				CLANG_WARN_QUOTED_INCLUDE_IN_FRAMEWORK_HEADER = YES;
				CLANG_WARN_RANGE_LOOP_ANALYSIS = YES;
				CLANG_WARN_STRICT_PROTOTYPES = YES;
				CLANG_WARN_SUSPICIOUS_MOVE = YES;
				CLANG_WARN_UNGUARDED_AVAILABILITY = YES_AGGRESSIVE;
				CLANG_WARN_UNREACHABLE_CODE = YES;
				CLANG_WARN__DUPLICATE_METHOD_MATCH = YES;
				COPY_PHASE_STRIP = NO;
				DEBUG_INFORMATION_FORMAT = "dwarf-with-dsym";
				DEVELOPMENT_TEAM = 27C878UH3T;
				ENABLE_NS_ASSERTIONS = NO;
				ENABLE_STRICT_OBJC_MSGSEND = YES;
				ENABLE_USER_SCRIPT_SANDBOXING = YES;
				GCC_C_LANGUAGE_STANDARD = gnu17;
				GCC_NO_COMMON_BLOCKS = YES;
				GCC_WARN_64_TO_32_BIT_CONVERSION = YES;
				GCC_WARN_ABOUT_RETURN_TYPE = YES_ERROR;
				GCC_WARN_UNDECLARED_SELECTOR = YES;
				GCC_WARN_UNINITIALIZED_AUTOS = YES_AGGRESSIVE;
				GCC_WARN_UNUSED_FUNCTION = YES;
				GCC_WARN_UNUSED_VARIABLE = YES;
				IPHONEOS_DEPLOYMENT_TARGET = 18.5;
				LOCALIZATION_PREFERS_STRING_CATALOGS = YES;
				MTL_ENABLE_DEBUG_INFO = NO;
				MTL_FAST_MATH = YES;
				SDKROOT = iphoneos;
				SWIFT_COMPILATION_MODE = wholemodule;
				VALIDATE_PRODUCT = YES;
			};
			name = Release;
		};
		D384535F2E510ABC00BECEA3 /* Debug */ = {
			isa = XCBuildConfiguration;
			buildSettings = {
				ASSETCATALOG_COMPILER_APPICON_NAME = blistAppIcon;
				ASSETCATALOG_COMPILER_GLOBAL_ACCENT_COLOR_NAME = AccentColor;
				ASSETCATALOG_COMPILER_INCLUDE_ALL_APPICON_ASSETS = NO;
				CODE_SIGN_STYLE = Automatic;
				CURRENT_PROJECT_VERSION = 1;
				DEVELOPMENT_TEAM = 27C878UH3T;
				ENABLE_PREVIEWS = YES;
				GENERATE_INFOPLIST_FILE = YES;
				INFOPLIST_KEY_LSApplicationCategoryType = "public.app-category.utilities";
				INFOPLIST_KEY_NSBluetoothAlwaysUsageDescription = "This app needs Bluetooth to scan for nearby devices.";
				INFOPLIST_KEY_NSLocationWhenInUseUsageDescription = "Your location will be used to show nearby bluetooth devices";
				INFOPLIST_KEY_UIApplicationSceneManifest_Generation = YES;
				INFOPLIST_KEY_UIApplicationSupportsIndirectInputEvents = YES;
				INFOPLIST_KEY_UILaunchScreen_Generation = YES;
				INFOPLIST_KEY_UISupportedInterfaceOrientations_iPad = "UIInterfaceOrientationPortrait UIInterfaceOrientationPortraitUpsideDown UIInterfaceOrientationLandscapeLeft UIInterfaceOrientationLandscapeRight";
				INFOPLIST_KEY_UISupportedInterfaceOrientations_iPhone = "UIInterfaceOrientationPortrait UIInterfaceOrientationLandscapeLeft UIInterfaceOrientationLandscapeRight";
				LD_RUNPATH_SEARCH_PATHS = (
					"$(inherited)",
					"@executable_path/Frameworks",
				);
				MARKETING_VERSION = 1.0;
				PRODUCT_BUNDLE_IDENTIFIER = com.mountainsentry.blist;
				PRODUCT_NAME = "$(TARGET_NAME)";
				SWIFT_EMIT_LOC_STRINGS = YES;
				SWIFT_VERSION = 5.0;
				TARGETED_DEVICE_FAMILY = "1,2";
			};
			name = Debug;
		};
		D38453602E510ABC00BECEA3 /* Release */ = {
			isa = XCBuildConfiguration;
			buildSettings = {
				ASSETCATALOG_COMPILER_APPICON_NAME = blistAppIcon;
				ASSETCATALOG_COMPILER_GLOBAL_ACCENT_COLOR_NAME = AccentColor;
				ASSETCATALOG_COMPILER_INCLUDE_ALL_APPICON_ASSETS = NO;
				CODE_SIGN_STYLE = Automatic;
				CURRENT_PROJECT_VERSION = 1;
				DEVELOPMENT_TEAM = 27C878UH3T;
				ENABLE_PREVIEWS = YES;
				GENERATE_INFOPLIST_FILE = YES;
				INFOPLIST_KEY_LSApplicationCategoryType = "public.app-category.utilities";
				INFOPLIST_KEY_NSBluetoothAlwaysUsageDescription = "This app needs Bluetooth to scan for nearby devices.";
				INFOPLIST_KEY_NSLocationWhenInUseUsageDescription = "Your location will be used to show nearby bluetooth devices";
				INFOPLIST_KEY_UIApplicationSceneManifest_Generation = YES;
				INFOPLIST_KEY_UIApplicationSupportsIndirectInputEvents = YES;
				INFOPLIST_KEY_UILaunchScreen_Generation = YES;
				INFOPLIST_KEY_UISupportedInterfaceOrientations_iPad = "UIInterfaceOrientationPortrait UIInterfaceOrientationPortraitUpsideDown UIInterfaceOrientationLandscapeLeft UIInterfaceOrientationLandscapeRight";
				INFOPLIST_KEY_UISupportedInterfaceOrientations_iPhone = "UIInterfaceOrientationPortrait UIInterfaceOrientationLandscapeLeft UIInterfaceOrientationLandscapeRight";
				LD_RUNPATH_SEARCH_PATHS = (
					"$(inherited)",
					"@executable_path/Frameworks",
				);
				MARKETING_VERSION = 1.0;
				PRODUCT_BUNDLE_IDENTIFIER = com.mountainsentry.blist;
				PRODUCT_NAME = "$(TARGET_NAME)";
				SWIFT_EMIT_LOC_STRINGS = YES;
				SWIFT_VERSION = 5.0;
				TARGETED_DEVICE_FAMILY = "1,2";
			};
			name = Release;
		};
		D38453622E510ABC00BECEA3 /* Debug */ = {
			isa = XCBuildConfiguration;
			buildSettings = {
				BUNDLE_LOADER = "$(TEST_HOST)";
				CODE_SIGN_STYLE = Automatic;
				CURRENT_PROJECT_VERSION = 1;
				DEVELOPMENT_TEAM = 27C878UH3T;
				GENERATE_INFOPLIST_FILE = YES;
				IPHONEOS_DEPLOYMENT_TARGET = 18.5;
				MARKETING_VERSION = 1.0;
				PRODUCT_BUNDLE_IDENTIFIER = com.mountainsentry.blistTests;
				PRODUCT_NAME = "$(TARGET_NAME)";
				SWIFT_EMIT_LOC_STRINGS = NO;
				SWIFT_VERSION = 5.0;
				TARGETED_DEVICE_FAMILY = "1,2";
				TEST_HOST = "$(BUILT_PRODUCTS_DIR)/blist.app/$(BUNDLE_EXECUTABLE_FOLDER_PATH)/blist";
			};
			name = Debug;
		};
		D38453632E510ABC00BECEA3 /* Release */ = {
			isa = XCBuildConfiguration;
			buildSettings = {
				BUNDLE_LOADER = "$(TEST_HOST)";
				CODE_SIGN_STYLE = Automatic;
				CURRENT_PROJECT_VERSION = 1;
				DEVELOPMENT_TEAM = 27C878UH3T;
				GENERATE_INFOPLIST_FILE = YES;
				IPHONEOS_DEPLOYMENT_TARGET = 18.5;
				MARKETING_VERSION = 1.0;
				PRODUCT_BUNDLE_IDENTIFIER = com.mountainsentry.blistTests;
				PRODUCT_NAME = "$(TARGET_NAME)";
				SWIFT_EMIT_LOC_STRINGS = NO;
				SWIFT_VERSION = 5.0;
				TARGETED_DEVICE_FAMILY = "1,2";
				TEST_HOST = "$(BUILT_PRODUCTS_DIR)/blist.app/$(BUNDLE_EXECUTABLE_FOLDER_PATH)/blist";
			};
			name = Release;
		};
		D38453652E510ABC00BECEA3 /* Debug */ = {
			isa = XCBuildConfiguration;
			buildSettings = {
				CODE_SIGN_STYLE = Automatic;
				CURRENT_PROJECT_VERSION = 1;
				DEVELOPMENT_TEAM = 27C878UH3T;
				GENERATE_INFOPLIST_FILE = YES;
				MARKETING_VERSION = 1.0;
				PRODUCT_BUNDLE_IDENTIFIER = com.mountainsentry.blistUITests;
				PRODUCT_NAME = "$(TARGET_NAME)";
				SWIFT_EMIT_LOC_STRINGS = NO;
				SWIFT_VERSION = 5.0;
				TARGETED_DEVICE_FAMILY = "1,2";
				TEST_TARGET_NAME = blist;
			};
			name = Debug;
		};
		D38453662E510ABC00BECEA3 /* Release */ = {
			isa = XCBuildConfiguration;
			buildSettings = {
				CODE_SIGN_STYLE = Automatic;
				CURRENT_PROJECT_VERSION = 1;
				DEVELOPMENT_TEAM = 27C878UH3T;
				GENERATE_INFOPLIST_FILE = YES;
				MARKETING_VERSION = 1.0;
				PRODUCT_BUNDLE_IDENTIFIER = com.mountainsentry.blistUITests;
				PRODUCT_NAME = "$(TARGET_NAME)";
				SWIFT_EMIT_LOC_STRINGS = NO;
				SWIFT_VERSION = 5.0;
				TARGETED_DEVICE_FAMILY = "1,2";
				TEST_TARGET_NAME = blist;
			};
			name = Release;
		};
/* End XCBuildConfiguration section */

/* Begin XCConfigurationList section */
		D38453382E510ABB00BECEA3 /* Build configuration list for PBXProject "blist" */ = {
			isa = XCConfigurationList;
			buildConfigurations = (
				D384535C2E510ABC00BECEA3 /* Debug */,
				D384535D2E510ABC00BECEA3 /* Release */,
			);
			defaultConfigurationIsVisible = 0;
			defaultConfigurationName = Release;
		};
		D384535E2E510ABC00BECEA3 /* Build configuration list for PBXNativeTarget "blist" */ = {
			isa = XCConfigurationList;
			buildConfigurations = (
				D384535F2E510ABC00BECEA3 /* Debug */,
				D38453602E510ABC00BECEA3 /* Release */,
			);
			defaultConfigurationIsVisible = 0;
			defaultConfigurationName = Release;
		};
		D38453612E510ABC00BECEA3 /* Build configuration list for PBXNativeTarget "blistTests" */ = {
			isa = XCConfigurationList;
			buildConfigurations = (
				D38453622E510ABC00BECEA3 /* Debug */,
				D38453632E510ABC00BECEA3 /* Release */,
			);
			defaultConfigurationIsVisible = 0;
			defaultConfigurationName = Release;
		};
		D38453642E510ABC00BECEA3 /* Build configuration list for PBXNativeTarget "blistUITests" */ = {
			isa = XCConfigurationList;
			buildConfigurations = (
				D38453652E510ABC00BECEA3 /* Debug */,
				D38453662E510ABC00BECEA3 /* Release */,
			);
			defaultConfigurationIsVisible = 0;
			defaultConfigurationName = Release;
		};
/* End XCConfigurationList section */
	};
	rootObject = D38453352E510ABB00BECEA3 /* Project object */;
}
